// !$*UTF8*$!
{
	archiveVersion = 1;
	classes = {
	};
	objectVersion = 56;
	objects = {

/* Begin PBXBuildFile section */
		A62CC8252A2353A100932E87 /* Assets.xcassets in Resources */ = {isa = PBXBuildFile; fileRef = A62CC8242A2353A100932E87 /* Assets.xcassets */; };
		A62CC8282A2353A100932E87 /* Preview Assets.xcassets in Resources */ = {isa = PBXBuildFile; fileRef = A62CC8272A2353A100932E87 /* Preview Assets.xcassets */; };
		A64872752A235422003F2A45 /* DataController.swift in Sources */ = {isa = PBXBuildFile; fileRef = A64872722A235422003F2A45 /* DataController.swift */; };
		A64872762A235422003F2A45 /* WasteData.xcdatamodeld in Sources */ = {isa = PBXBuildFile; fileRef = A64872732A235422003F2A45 /* WasteData.xcdatamodeld */; };
		A648727A2A235497003F2A45 /* HomeViewModel.swift in Sources */ = {isa = PBXBuildFile; fileRef = A64872782A235497003F2A45 /* HomeViewModel.swift */; };
		A648727B2A235497003F2A45 /* HomeView.swift in Sources */ = {isa = PBXBuildFile; fileRef = A64872792A235497003F2A45 /* HomeView.swift */; };
		A648727F2A2354A2003F2A45 /* financialSavingsApp.swift in Sources */ = {isa = PBXBuildFile; fileRef = A648727D2A2354A2003F2A45 /* financialSavingsApp.swift */; };
		A64872802A2354A2003F2A45 /* Categories.swift in Sources */ = {isa = PBXBuildFile; fileRef = A648727E2A2354A2003F2A45 /* Categories.swift */; };
		A64872832A2354AD003F2A45 /* BalanceView.swift in Sources */ = {isa = PBXBuildFile; fileRef = A64872822A2354AD003F2A45 /* BalanceView.swift */; };
		A64872872A235510003F2A45 /* AddWasteViewModel.swift in Sources */ = {isa = PBXBuildFile; fileRef = A64872852A235510003F2A45 /* AddWasteViewModel.swift */; };
		A64872882A235510003F2A45 /* AddWasteView.swift in Sources */ = {isa = PBXBuildFile; fileRef = A64872862A235510003F2A45 /* AddWasteView.swift */; };
		A6EED2CD2A235E7000D3E62C /* EditWasteModel.swift in Sources */ = {isa = PBXBuildFile; fileRef = A6EED2CC2A235E7000D3E62C /* EditWasteModel.swift */; };
		A6EED2D02A235E9C00D3E62C /* EditWasteVeiw.swift in Sources */ = {isa = PBXBuildFile; fileRef = A6EED2CF2A235E9C00D3E62C /* EditWasteVeiw.swift */; };
		A6EED2D22A235FA000D3E62C /* WasteView.swift in Sources */ = {isa = PBXBuildFile; fileRef = A6EED2D12A235FA000D3E62C /* WasteView.swift */; };
/* End PBXBuildFile section */

/* Begin PBXFileReference section */
		A62CC81D2A2353A100932E87 /* financialApp.app */ = {isa = PBXFileReference; explicitFileType = wrapper.application; includeInIndex = 0; path = financialApp.app; sourceTree = BUILT_PRODUCTS_DIR; };
		A62CC8242A2353A100932E87 /* Assets.xcassets */ = {isa = PBXFileReference; lastKnownFileType = folder.assetcatalog; path = Assets.xcassets; sourceTree = "<group>"; };
		A62CC8272A2353A100932E87 /* Preview Assets.xcassets */ = {isa = PBXFileReference; lastKnownFileType = folder.assetcatalog; path = "Preview Assets.xcassets"; sourceTree = "<group>"; };
		A64872722A235422003F2A45 /* DataController.swift */ = {isa = PBXFileReference; fileEncoding = 4; lastKnownFileType = sourcecode.swift; path = DataController.swift; sourceTree = "<group>"; };
		A64872742A235422003F2A45 /* Waste.xcdatamodel */ = {isa = PBXFileReference; lastKnownFileType = wrapper.xcdatamodel; path = Waste.xcdatamodel; sourceTree = "<group>"; };
		A64872782A235497003F2A45 /* HomeViewModel.swift */ = {isa = PBXFileReference; fileEncoding = 4; lastKnownFileType = sourcecode.swift; path = HomeViewModel.swift; sourceTree = "<group>"; };
		A64872792A235497003F2A45 /* HomeView.swift */ = {isa = PBXFileReference; fileEncoding = 4; lastKnownFileType = sourcecode.swift; path = HomeView.swift; sourceTree = "<group>"; };
		A648727D2A2354A2003F2A45 /* financialSavingsApp.swift */ = {isa = PBXFileReference; fileEncoding = 4; lastKnownFileType = sourcecode.swift; path = financialSavingsApp.swift; sourceTree = "<group>"; };
		A648727E2A2354A2003F2A45 /* Categories.swift */ = {isa = PBXFileReference; fileEncoding = 4; lastKnownFileType = sourcecode.swift; path = Categories.swift; sourceTree = "<group>"; };
		A64872822A2354AD003F2A45 /* BalanceView.swift */ = {isa = PBXFileReference; fileEncoding = 4; lastKnownFileType = sourcecode.swift; path = BalanceView.swift; sourceTree = "<group>"; };
		A64872852A235510003F2A45 /* AddWasteViewModel.swift */ = {isa = PBXFileReference; fileEncoding = 4; lastKnownFileType = sourcecode.swift; path = AddWasteViewModel.swift; sourceTree = "<group>"; };
		A64872862A235510003F2A45 /* AddWasteView.swift */ = {isa = PBXFileReference; fileEncoding = 4; lastKnownFileType = sourcecode.swift; path = AddWasteView.swift; sourceTree = "<group>"; };
		A6EED2CC2A235E7000D3E62C /* EditWasteModel.swift */ = {isa = PBXFileReference; lastKnownFileType = sourcecode.swift; path = EditWasteModel.swift; sourceTree = "<group>"; };
		A6EED2CF2A235E9C00D3E62C /* EditWasteVeiw.swift */ = {isa = PBXFileReference; lastKnownFileType = sourcecode.swift; path = EditWasteVeiw.swift; sourceTree = "<group>"; };
		A6EED2D12A235FA000D3E62C /* WasteView.swift */ = {isa = PBXFileReference; lastKnownFileType = sourcecode.swift; path = WasteView.swift; sourceTree = "<group>"; };
/* End PBXFileReference section */

/* Begin PBXFrameworksBuildPhase section */
		A62CC81A2A2353A100932E87 /* Frameworks */ = {
			isa = PBXFrameworksBuildPhase;
			buildActionMask = 2147483647;
			files = (
			);
			runOnlyForDeploymentPostprocessing = 0;
		};
/* End PBXFrameworksBuildPhase section */

/* Begin PBXGroup section */
		A62CC8142A2353A100932E87 = {
			isa = PBXGroup;
			children = (
				A62CC81F2A2353A100932E87 /* financialApp */,
				A62CC81E2A2353A100932E87 /* Products */,
			);
			sourceTree = "<group>";
		};
		A62CC81E2A2353A100932E87 /* Products */ = {
			isa = PBXGroup;
			children = (
				A62CC81D2A2353A100932E87 /* financialApp.app */,
			);
			name = Products;
			sourceTree = "<group>";
		};
		A62CC81F2A2353A100932E87 /* financialApp */ = {
			isa = PBXGroup;
			children = (
				A648727D2A2354A2003F2A45 /* financialSavingsApp.swift */,
				A6EED2CE2A235E7700D3E62C /* EditModel */,
				A64872772A235497003F2A45 /* MainModule */,
				A64872842A235510003F2A45 /* AddWasteModule */,
				A64872712A235422003F2A45 /* DataModel */,
				A648727C2A2354A2003F2A45 /* Other */,
				A62CC8242A2353A100932E87 /* Assets.xcassets */,
				A62CC8262A2353A100932E87 /* Preview Content */,
			);
			path = financialApp;
			sourceTree = "<group>";
		};
		A62CC8262A2353A100932E87 /* Preview Content */ = {
			isa = PBXGroup;
			children = (
				A62CC8272A2353A100932E87 /* Preview Assets.xcassets */,
			);
			path = "Preview Content";
			sourceTree = "<group>";
		};
		A64872712A235422003F2A45 /* DataModel */ = {
			isa = PBXGroup;
			children = (
				A64872732A235422003F2A45 /* WasteData.xcdatamodeld */,
				A64872722A235422003F2A45 /* DataController.swift */,
			);
			path = DataModel;
			sourceTree = "<group>";
		};
		A64872772A235497003F2A45 /* MainModule */ = {
			isa = PBXGroup;
			children = (
				A64872812A2354AD003F2A45 /* Templates */,
				A64872782A235497003F2A45 /* HomeViewModel.swift */,
				A64872792A235497003F2A45 /* HomeView.swift */,
			);
			path = MainModule;
			sourceTree = "<group>";
		};
		A648727C2A2354A2003F2A45 /* Other */ = {
			isa = PBXGroup;
			children = (
				A648727E2A2354A2003F2A45 /* Categories.swift */,
			);
			path = Other;
			sourceTree = "<group>";
		};
		A64872812A2354AD003F2A45 /* Templates */ = {
			isa = PBXGroup;
			children = (
				A6EED2D12A235FA000D3E62C /* WasteView.swift */,
				A64872822A2354AD003F2A45 /* BalanceView.swift */,
			);
			path = Templates;
			sourceTree = "<group>";
		};
		A64872842A235510003F2A45 /* AddWasteModule */ = {
			isa = PBXGroup;
			children = (
				A64872852A235510003F2A45 /* AddWasteViewModel.swift */,
				A64872862A235510003F2A45 /* AddWasteView.swift */,
			);
			path = AddWasteModule;
			sourceTree = "<group>";
		};
		A6EED2CE2A235E7700D3E62C /* EditModel */ = {
			isa = PBXGroup;
			children = (
				A6EED2CC2A235E7000D3E62C /* EditWasteModel.swift */,
				A6EED2CF2A235E9C00D3E62C /* EditWasteVeiw.swift */,
			);
			path = EditModel;
			sourceTree = "<group>";
		};
/* End PBXGroup section */

/* Begin PBXNativeTarget section */
		A62CC81C2A2353A100932E87 /* financialApp */ = {
			isa = PBXNativeTarget;
			buildConfigurationList = A62CC82B2A2353A100932E87 /* Build configuration list for PBXNativeTarget "financialApp" */;
			buildPhases = (
				A62CC8192A2353A100932E87 /* Sources */,
				A62CC81A2A2353A100932E87 /* Frameworks */,
				A62CC81B2A2353A100932E87 /* Resources */,
			);
			buildRules = (
			);
			dependencies = (
			);
			name = financialApp;
			productName = financialApp;
			productReference = A62CC81D2A2353A100932E87 /* financialApp.app */;
			productType = "com.apple.product-type.application";
		};
/* End PBXNativeTarget section */

/* Begin PBXProject section */
		A62CC8152A2353A100932E87 /* Project object */ = {
			isa = PBXProject;
			attributes = {
				BuildIndependentTargetsInParallel = 1;
				LastSwiftUpdateCheck = 1430;
				LastUpgradeCheck = 1430;
				TargetAttributes = {
					A62CC81C2A2353A100932E87 = {
						CreatedOnToolsVersion = 14.3;
					};
				};
			};
			buildConfigurationList = A62CC8182A2353A100932E87 /* Build configuration list for PBXProject "financialApp" */;
			compatibilityVersion = "Xcode 14.0";
			developmentRegion = en;
			hasScannedForEncodings = 0;
			knownRegions = (
				en,
				Base,
			);
			mainGroup = A62CC8142A2353A100932E87;
			productRefGroup = A62CC81E2A2353A100932E87 /* Products */;
			projectDirPath = "";
			projectRoot = "";
			targets = (
				A62CC81C2A2353A100932E87 /* financialApp */,
			);
		};
/* End PBXProject section */

/* Begin PBXResourcesBuildPhase section */
		A62CC81B2A2353A100932E87 /* Resources */ = {
			isa = PBXResourcesBuildPhase;
			buildActionMask = 2147483647;
			files = (
				A62CC8282A2353A100932E87 /* Preview Assets.xcassets in Resources */,
				A62CC8252A2353A100932E87 /* Assets.xcassets in Resources */,
			);
			runOnlyForDeploymentPostprocessing = 0;
		};
/* End PBXResourcesBuildPhase section */

/* Begin PBXSourcesBuildPhase section */
		A62CC8192A2353A100932E87 /* Sources */ = {
			isa = PBXSourcesBuildPhase;
			buildActionMask = 2147483647;
			files = (
				A6EED2D02A235E9C00D3E62C /* EditWasteVeiw.swift in Sources */,
				A64872802A2354A2003F2A45 /* Categories.swift in Sources */,
				A64872872A235510003F2A45 /* AddWasteViewModel.swift in Sources */,
				A64872762A235422003F2A45 /* WasteData.xcdatamodeld in Sources */,
				A6EED2CD2A235E7000D3E62C /* EditWasteModel.swift in Sources */,
				A64872752A235422003F2A45 /* DataController.swift in Sources */,
				A648727F2A2354A2003F2A45 /* financialSavingsApp.swift in Sources */,
				A64872832A2354AD003F2A45 /* BalanceView.swift in Sources */,
				A64872882A235510003F2A45 /* AddWasteView.swift in Sources */,
				A6EED2D22A235FA000D3E62C /* WasteView.swift in Sources */,
				A648727B2A235497003F2A45 /* HomeView.swift in Sources */,
				A648727A2A235497003F2A45 /* HomeViewModel.swift in Sources */,
			);
			runOnlyForDeploymentPostprocessing = 0;
		};
/* End PBXSourcesBuildPhase section */

/* Begin XCBuildConfiguration section */
		A62CC8292A2353A100932E87 /* Debug */ = {
			isa = XCBuildConfiguration;
			buildSettings = {
				ALWAYS_SEARCH_USER_PATHS = NO;
				CLANG_ANALYZER_NONNULL = YES;
				CLANG_ANALYZER_NUMBER_OBJECT_CONVERSION = YES_AGGRESSIVE;
				CLANG_CXX_LANGUAGE_STANDARD = "gnu++20";
				CLANG_ENABLE_MODULES = YES;
				CLANG_ENABLE_OBJC_ARC = YES;
				CLANG_ENABLE_OBJC_WEAK = YES;
				CLANG_WARN_BLOCK_CAPTURE_AUTORELEASING = YES;
				CLANG_WARN_BOOL_CONVERSION = YES;
				CLANG_WARN_COMMA = YES;
				CLANG_WARN_CONSTANT_CONVERSION = YES;
				CLANG_WARN_DEPRECATED_OBJC_IMPLEMENTATIONS = YES;
				CLANG_WARN_DIRECT_OBJC_ISA_USAGE = YES_ERROR;
				CLANG_WARN_DOCUMENTATION_COMMENTS = YES;
				CLANG_WARN_EMPTY_BODY = YES;
				CLANG_WARN_ENUM_CONVERSION = YES;
				CLANG_WARN_INFINITE_RECURSION = YES;
				CLANG_WARN_INT_CONVERSION = YES;
				CLANG_WARN_NON_LITERAL_NULL_CONVERSION = YES;
				CLANG_WARN_OBJC_IMPLICIT_RETAIN_SELF = YES;
				CLANG_WARN_OBJC_LITERAL_CONVERSION = YES;
				CLANG_WARN_OBJC_ROOT_CLASS = YES_ERROR;
				CLANG_WARN_QUOTED_INCLUDE_IN_FRAMEWORK_HEADER = YES;
				CLANG_WARN_RANGE_LOOP_ANALYSIS = YES;
				CLANG_WARN_STRICT_PROTOTYPES = YES;
				CLANG_WARN_SUSPICIOUS_MOVE = YES;
				CLANG_WARN_UNGUARDED_AVAILABILITY = YES_AGGRESSIVE;
				CLANG_WARN_UNREACHABLE_CODE = YES;
				CLANG_WARN__DUPLICATE_METHOD_MATCH = YES;
				COPY_PHASE_STRIP = NO;
				DEBUG_INFORMATION_FORMAT = dwarf;
				ENABLE_STRICT_OBJC_MSGSEND = YES;
				ENABLE_TESTABILITY = YES;
				GCC_C_LANGUAGE_STANDARD = gnu11;
				GCC_DYNAMIC_NO_PIC = NO;
				GCC_NO_COMMON_BLOCKS = YES;
				GCC_OPTIMIZATION_LEVEL = 0;
				GCC_PREPROCESSOR_DEFINITIONS = (
					"DEBUG=1",
					"$(inherited)",
				);
				GCC_WARN_64_TO_32_BIT_CONVERSION = YES;
				GCC_WARN_ABOUT_RETURN_TYPE = YES_ERROR;
				GCC_WARN_UNDECLARED_SELECTOR = YES;
				GCC_WARN_UNINITIALIZED_AUTOS = YES_AGGRESSIVE;
				GCC_WARN_UNUSED_FUNCTION = YES;
				GCC_WARN_UNUSED_VARIABLE = YES;
				IPHONEOS_DEPLOYMENT_TARGET = 16.4;
				MTL_ENABLE_DEBUG_INFO = INCLUDE_SOURCE;
				MTL_FAST_MATH = YES;
				ONLY_ACTIVE_ARCH = YES;
				SDKROOT = iphoneos;
				SWIFT_ACTIVE_COMPILATION_CONDITIONS = DEBUG;
				SWIFT_OPTIMIZATION_LEVEL = "-Onone";
			};
			name = Debug;
		};
		A62CC82A2A2353A100932E87 /* Release */ = {
			isa = XCBuildConfiguration;
			buildSettings = {
				ALWAYS_SEARCH_USER_PATHS = NO;
				CLANG_ANALYZER_NONNULL = YES;
				CLANG_ANALYZER_NUMBER_OBJECT_CONVERSION = YES_AGGRESSIVE;
				CLANG_CXX_LANGUAGE_STANDARD = "gnu++20";
				CLANG_ENABLE_MODULES = YES;
				CLANG_ENABLE_OBJC_ARC = YES;
				CLANG_ENABLE_OBJC_WEAK = YES;
				CLANG_WARN_BLOCK_CAPTURE_AUTORELEASING = YES;
				CLANG_WARN_BOOL_CONVERSION = YES;
				CLANG_WARN_COMMA = YES;
				CLANG_WARN_CONSTANT_CONVERSION = YES;
				CLANG_WARN_DEPRECATED_OBJC_IMPLEMENTATIONS = YES;
				CLANG_WARN_DIRECT_OBJC_ISA_USAGE = YES_ERROR;
				CLANG_WARN_DOCUMENTATION_COMMENTS = YES;
				CLANG_WARN_EMPTY_BODY = YES;
				CLANG_WARN_ENUM_CONVERSION = YES;
				CLANG_WARN_INFINITE_RECURSION = YES;
				CLANG_WARN_INT_CONVERSION = YES;
				CLANG_WARN_NON_LITERAL_NULL_CONVERSION = YES;
				CLANG_WARN_OBJC_IMPLICIT_RETAIN_SELF = YES;
				CLANG_WARN_OBJC_LITERAL_CONVERSION = YES;
				CLANG_WARN_OBJC_ROOT_CLASS = YES_ERROR;
				CLANG_WARN_QUOTED_INCLUDE_IN_FRAMEWORK_HEADER = YES;
				CLANG_WARN_RANGE_LOOP_ANALYSIS = YES;
				CLANG_WARN_STRICT_PROTOTYPES = YES;
				CLANG_WARN_SUSPICIOUS_MOVE = YES;
				CLANG_WARN_UNGUARDED_AVAILABILITY = YES_AGGRESSIVE;
				CLANG_WARN_UNREACHABLE_CODE = YES;
				CLANG_WARN__DUPLICATE_METHOD_MATCH = YES;
				COPY_PHASE_STRIP = NO;
				DEBUG_INFORMATION_FORMAT = "dwarf-with-dsym";
				ENABLE_NS_ASSERTIONS = NO;
				ENABLE_STRICT_OBJC_MSGSEND = YES;
				GCC_C_LANGUAGE_STANDARD = gnu11;
				GCC_NO_COMMON_BLOCKS = YES;
				GCC_WARN_64_TO_32_BIT_CONVERSION = YES;
				GCC_WARN_ABOUT_RETURN_TYPE = YES_ERROR;
				GCC_WARN_UNDECLARED_SELECTOR = YES;
				GCC_WARN_UNINITIALIZED_AUTOS = YES_AGGRESSIVE;
				GCC_WARN_UNUSED_FUNCTION = YES;
				GCC_WARN_UNUSED_VARIABLE = YES;
				IPHONEOS_DEPLOYMENT_TARGET = 16.4;
				MTL_ENABLE_DEBUG_INFO = NO;
				MTL_FAST_MATH = YES;
				SDKROOT = iphoneos;
				SWIFT_COMPILATION_MODE = wholemodule;
				SWIFT_OPTIMIZATION_LEVEL = "-O";
				VALIDATE_PRODUCT = YES;
			};
			name = Release;
		};
		A62CC82C2A2353A100932E87 /* Debug */ = {
			isa = XCBuildConfiguration;
			buildSettings = {
				ASSETCATALOG_COMPILER_APPICON_NAME = AppIcon;
				ASSETCATALOG_COMPILER_GLOBAL_ACCENT_COLOR_NAME = AccentColor;
				CODE_SIGN_STYLE = Automatic;
				CURRENT_PROJECT_VERSION = 1;
				DEVELOPMENT_ASSET_PATHS = "\"financialApp/Preview Content\"";
				DEVELOPMENT_TEAM = 944K4M9L9M;
				ENABLE_PREVIEWS = YES;
				GENERATE_INFOPLIST_FILE = YES;
				INFOPLIST_KEY_UIApplicationSceneManifest_Generation = YES;
				INFOPLIST_KEY_UIApplicationSupportsIndirectInputEvents = YES;
				INFOPLIST_KEY_UILaunchScreen_Generation = YES;
				INFOPLIST_KEY_UISupportedInterfaceOrientations_iPad = "UIInterfaceOrientationPortrait UIInterfaceOrientationPortraitUpsideDown UIInterfaceOrientationLandscapeLeft UIInterfaceOrientationLandscapeRight";
				INFOPLIST_KEY_UISupportedInterfaceOrientations_iPhone = "UIInterfaceOrientationPortrait UIInterfaceOrientationLandscapeLeft UIInterfaceOrientationLandscapeRight";
				LD_RUNPATH_SEARCH_PATHS = (
					"$(inherited)",
					"@executable_path/Frameworks",
				);
				MARKETING_VERSION = 1.0;
				PRODUCT_BUNDLE_IDENTIFIER = "learn-ios.financialApp";
				PRODUCT_NAME = "$(TARGET_NAME)";
				SWIFT_EMIT_LOC_STRINGS = YES;
				SWIFT_VERSION = 5.0;
				TARGETED_DEVICE_FAMILY = "1,2";
			};
			name = Debug;
		};
		A62CC82D2A2353A100932E87 /* Release */ = {
			isa = XCBuildConfiguration;
			buildSettings = {
				ASSETCATALOG_COMPILER_APPICON_NAME = AppIcon;
				ASSETCATALOG_COMPILER_GLOBAL_ACCENT_COLOR_NAME = AccentColor;
				CODE_SIGN_STYLE = Automatic;
				CURRENT_PROJECT_VERSION = 1;
				DEVELOPMENT_ASSET_PATHS = "\"financialApp/Preview Content\"";
				DEVELOPMENT_TEAM = 944K4M9L9M;
				ENABLE_PREVIEWS = YES;
				GENERATE_INFOPLIST_FILE = YES;
				INFOPLIST_KEY_UIApplicationSceneManifest_Generation = YES;
				INFOPLIST_KEY_UIApplicationSupportsIndirectInputEvents = YES;
				INFOPLIST_KEY_UILaunchScreen_Generation = YES;
				INFOPLIST_KEY_UISupportedInterfaceOrientations_iPad = "UIInterfaceOrientationPortrait UIInterfaceOrientationPortraitUpsideDown UIInterfaceOrientationLandscapeLeft UIInterfaceOrientationLandscapeRight";
				INFOPLIST_KEY_UISupportedInterfaceOrientations_iPhone = "UIInterfaceOrientationPortrait UIInterfaceOrientationLandscapeLeft UIInterfaceOrientationLandscapeRight";
				LD_RUNPATH_SEARCH_PATHS = (
					"$(inherited)",
					"@executable_path/Frameworks",
				);
				MARKETING_VERSION = 1.0;
				PRODUCT_BUNDLE_IDENTIFIER = "learn-ios.financialApp";
				PRODUCT_NAME = "$(TARGET_NAME)";
				SWIFT_EMIT_LOC_STRINGS = YES;
				SWIFT_VERSION = 5.0;
				TARGETED_DEVICE_FAMILY = "1,2";
			};
			name = Release;
		};
/* End XCBuildConfiguration section */

/* Begin XCConfigurationList section */
		A62CC8182A2353A100932E87 /* Build configuration list for PBXProject "financialApp" */ = {
			isa = XCConfigurationList;
			buildConfigurations = (
				A62CC8292A2353A100932E87 /* Debug */,
				A62CC82A2A2353A100932E87 /* Release */,
			);
			defaultConfigurationIsVisible = 0;
			defaultConfigurationName = Release;
		};
		A62CC82B2A2353A100932E87 /* Build configuration list for PBXNativeTarget "financialApp" */ = {
			isa = XCConfigurationList;
			buildConfigurations = (
				A62CC82C2A2353A100932E87 /* Debug */,
				A62CC82D2A2353A100932E87 /* Release */,
			);
			defaultConfigurationIsVisible = 0;
			defaultConfigurationName = Release;
		};
/* End XCConfigurationList section */

/* Begin XCVersionGroup section */
		A64872732A235422003F2A45 /* WasteData.xcdatamodeld */ = {
			isa = XCVersionGroup;
			children = (
				A64872742A235422003F2A45 /* Waste.xcdatamodel */,
			);
			currentVersion = A64872742A235422003F2A45 /* Waste.xcdatamodel */;
			path = WasteData.xcdatamodeld;
			sourceTree = "<group>";
			versionGroupType = wrapper.xcdatamodel;
		};
/* End XCVersionGroup section */
	};
	rootObject = A62CC8152A2353A100932E87 /* Project object */;
}
